<?xml version="1.0" encoding="utf-8"?>
<Project ToolsVersion="4.0" xmlns="http://schemas.microsoft.com/developer/msbuild/2003">
  <ItemGroup>
    <Filter Include="Generated Files">
      <UniqueIdentifier>{71ED8ED8-ACB9-4CE9-BBE1-E00B30144E11}</UniqueIdentifier>
      <Extensions>cpp;c;cxx;moc;h;def;odl;idl;res;</Extensions>
    </Filter>
    <Filter Include="Generated Files">
      <UniqueIdentifier>{71ED8ED8-ACB9-4CE9-BBE1-E00B30144E11}</UniqueIdentifier>
      <Extensions>cpp;c;cxx;moc;h;def;odl;idl;res;</Extensions>
    </Filter>
    <Filter Include="Header Files">
      <UniqueIdentifier>{93995380-89BD-4b04-88EB-625FBE52EBFB}</UniqueIdentifier>
      <Extensions>h;hpp;hxx;hm;inl;inc;xsd</Extensions>
    </Filter>
    <Filter Include="Header Files">
      <UniqueIdentifier>{93995380-89BD-4b04-88EB-625FBE52EBFB}</UniqueIdentifier>
      <Extensions>h;hpp;hxx;hm;inl;inc;xsd</Extensions>
    </Filter>
    <Filter Include="Resource Files">
      <UniqueIdentifier>{D9D6E242-F8AF-46E4-B9FD-80ECBC20BA3E}</UniqueIdentifier>
      <Extensions>qrc;*</Extensions>
      <ParseFiles>false</ParseFiles>
    </Filter>
    <Filter Include="Resource Files">
      <UniqueIdentifier>{D9D6E242-F8AF-46E4-B9FD-80ECBC20BA3E}</UniqueIdentifier>
      <Extensions>qrc;*</Extensions>
      <ParseFiles>false</ParseFiles>
    </Filter>
    <Filter Include="Source Files">
      <UniqueIdentifier>{4FC737F1-C7A5-4376-A066-2A32D752A2FF}</UniqueIdentifier>
      <Extensions>cpp;c;cxx;def;odl;idl;hpj;bat;asm;asmx</Extensions>
    </Filter>
    <Filter Include="Source Files">
      <UniqueIdentifier>{4FC737F1-C7A5-4376-A066-2A32D752A2FF}</UniqueIdentifier>
      <Extensions>cpp;c;cxx;def;odl;idl;hpj;bat;asm;asmx</Extensions>
    </Filter>
    <Filter Include="Generated Files\Release">
      <UniqueIdentifier>{a1ceb4c4-3907-4fa9-b85f-26079fe7d75c}</UniqueIdentifier>
      <Extensions>cpp;moc</Extensions>
      <SourceControlFiles>False</SourceControlFiles>
    </Filter>
    <Filter Include="Generated Files\Debug">
      <UniqueIdentifier>{b53f55ae-0371-44c4-9ed8-c0e38f7cda24}</UniqueIdentifier>
      <Extensions>cpp;moc</Extensions>
      <SourceControlFiles>False</SourceControlFiles>
    </Filter>
  </ItemGroup>
  <ItemGroup>
    <ClCompile Include="AppleRobot.cpp">
      <Filter>Source Files</Filter>
    </ClCompile>
    <ClCompile Include="BattleObject.cpp">
      <Filter>Source Files</Filter>
    </ClCompile>
    <ClCompile Include="BuildTowerIcon.cpp">
      <Filter>Source Files</Filter>
    </ClCompile>
    <ClCompile Include="Bullet.cpp">
      <Filter>Source Files</Filter>
    </ClCompile>
    <ClCompile Include="CESBullet.cpp">
      <Filter>Source Files</Filter>
    </ClCompile>
    <ClCompile Include="ChainTower.cpp">
      <Filter>Source Files</Filter>
    </ClCompile>
    <ClCompile Include="ChemEngSenior.cpp">
      <Filter>Source Files</Filter>
    </ClCompile>
    <ClCompile Include="Game.cpp">
      <Filter>Source Files</Filter>
    </ClCompile>
    <ClCompile Include="GoldBullet.cpp">
      <Filter>Source Files</Filter>
    </ClCompile>
    <ClCompile Include="GoldTower.cpp">
      <Filter>Source Files</Filter>
    </ClCompile>
    <ClCompile Include="IronBullet.cpp">
      <Filter>Source Files</Filter>
    </ClCompile>
    <ClCompile Include="JobsBiography.cpp">
      <Filter>Source Files</Filter>
    </ClCompile>
    <ClCompile Include="MetalEngSenior.cpp">
      <Filter>Source Files</Filter>
    </ClCompile>
    <ClCompile Include="PMBullet.cpp">
      <Filter>Source Files</Filter>
    </ClCompile>
    <ClCompile Include="PoisonBullet.cpp">
      <Filter>Source Files</Filter>
    </ClCompile>
    <ClCompile Include="PoisonTower.cpp">
      <Filter>Source Files</Filter>
    </ClCompile>
    <ClCompile Include="ProfessorMeeting.cpp">
      <Filter>Source Files</Filter>
    </ClCompile>
    <ClCompile Include="SlowBullet.cpp">
      <Filter>Source Files</Filter>
    </ClCompile>
    <ClCompile Include="SlowTower.cpp">
      <Filter>Source Files</Filter>
    </ClCompile>
    <ClCompile Include="SplashBullet.cpp">
      <Filter>Source Files</Filter>
    </ClCompile>
    <ClCompile Include="SplashLaser.cpp">
      <Filter>Source Files</Filter>
    </ClCompile>
    <ClCompile Include="SplashPoisonBullet.cpp">
      <Filter>Source Files</Filter>
    </ClCompile>
    <ClCompile Include="SplashTower.cpp">
      <Filter>Source Files</Filter>
    </ClCompile>
    <ClCompile Include="SteveJobs.cpp">
      <Filter>Source Files</Filter>
    </ClCompile>
    <ClCompile Include="Tower.cpp">
      <Filter>Source Files</Filter>
    </ClCompile>
    <ClCompile Include="TripleMajorSenior.cpp">
      <Filter>Source Files</Filter>
    </ClCompile>
    <ClCompile Include="TutorRobot.cpp">
      <Filter>Source Files</Filter>
    </ClCompile>
    <ClCompile Include="Upgrades.cpp">
      <Filter>Source Files</Filter>
    </ClCompile>
    <ClCompile Include="Wave_Generator.cpp">
      <Filter>Source Files</Filter>
    </ClCompile>
    <ClCompile Include="attackableenemy.cpp">
      <Filter>Source Files</Filter>
    </ClCompile>
    <ClCompile Include="button.cpp">
      <Filter>Source Files</Filter>
    </ClCompile>
    <ClCompile Include="enemy.cpp">
      <Filter>Source Files</Filter>
    </ClCompile>
    <ClCompile Include="enemycontrol.cpp">
      <Filter>Source Files</Filter>
    </ClCompile>
    <ClCompile Include="fusion_button.cpp">
      <Filter>Source Files</Filter>
    </ClCompile>
    <ClCompile Include="main.cpp">
      <Filter>Source Files</Filter>
    </ClCompile>
    <ClCompile Include="upgrade_button.cpp">
      <Filter>Source Files</Filter>
    </ClCompile>
    <ClCompile Include="Release\moc_BattleObject.cpp">
      <Filter>Generated Files\Release</Filter>
    </ClCompile>
    <ClCompile Include="Debug\moc_BattleObject.cpp">
      <Filter>Generated Files\Debug</Filter>
    </ClCompile>
    <ClCompile Include="Release\moc_Bullet.cpp">
      <Filter>Generated Files\Release</Filter>
    </ClCompile>
    <ClCompile Include="Debug\moc_Bullet.cpp">
      <Filter>Generated Files\Debug</Filter>
    </ClCompile>
    <ClCompile Include="Release\moc_Game.cpp">
      <Filter>Generated Files\Release</Filter>
    </ClCompile>
    <ClCompile Include="Debug\moc_Game.cpp">
      <Filter>Generated Files\Debug</Filter>
    </ClCompile>
    <ClCompile Include="Release\moc_attackableenemy.cpp">
      <Filter>Generated Files\Release</Filter>
    </ClCompile>
    <ClCompile Include="Debug\moc_attackableenemy.cpp">
      <Filter>Generated Files\Debug</Filter>
    </ClCompile>
    <ClCompile Include="Release\moc_enemy.cpp">
      <Filter>Generated Files\Release</Filter>
    </ClCompile>
    <ClCompile Include="Debug\moc_enemy.cpp">
      <Filter>Generated Files\Debug</Filter>
    </ClCompile>
    <ClCompile Include="Release\moc_enemycontrol.cpp">
      <Filter>Generated Files\Release</Filter>
    </ClCompile>
    <ClCompile Include="Debug\moc_enemycontrol.cpp">
      <Filter>Generated Files\Debug</Filter>
    </ClCompile>
    <ClCompile Include="GeneratedFiles\qrc_sources.cpp">
      <Filter>Generated Files</Filter>
    </ClCompile>
  </ItemGroup>
  <ItemGroup>
    <ClInclude Include="AppleRobot.h">
      <Filter>Header Files</Filter>
    </ClInclude>
    <CustomBuild Include="BattleObject.h">
      <Filter>Header Files</Filter>
    </CustomBuild>
    <ClInclude Include="BuildTowerIcon.h">
      <Filter>Header Files</Filter>
    </ClInclude>
    <CustomBuild Include="Bullet.h">
      <Filter>Header Files</Filter>
    </CustomBuild>
    <ClInclude Include="CESBullet.h">
      <Filter>Header Files</Filter>
    </ClInclude>
    <ClInclude Include="ChainTower.h">
      <Filter>Header Files</Filter>
    </ClInclude>
    <ClInclude Include="ChemEngSenior.h">
      <Filter>Header Files</Filter>
    </ClInclude>
    <CustomBuild Include="Game.h">
      <Filter>Header Files</Filter>
    </CustomBuild>
    <ClInclude Include="GoldBullet.h">
      <Filter>Header Files</Filter>
    </ClInclude>
    <ClInclude Include="GoldTower.h">
      <Filter>Header Files</Filter>
    </ClInclude>
    <ClInclude Include="IronBullet.h">
      <Filter>Header Files</Filter>
    </ClInclude>
    <ClInclude Include="JobsBiography.h">
      <Filter>Header Files</Filter>
    </ClInclude>
    <ClInclude Include="MetalEngSenior.h">
      <Filter>Header Files</Filter>
    </ClInclude>
    <ClInclude Include="PMBullet.h">
      <Filter>Header Files</Filter>
    </ClInclude>
    <ClInclude Include="PoisonBullet.h">
      <Filter>Header Files</Filter>
    </ClInclude>
    <ClInclude Include="PoisonTower.h">
      <Filter>Header Files</Filter>
    </ClInclude>
    <ClInclude Include="ProfessorMeeting.h">
      <Filter>Header Files</Filter>
    </ClInclude>
    <ClInclude Include="SlowBullet.h">
      <Filter>Header Files</Filter>
    </ClInclude>
    <ClInclude Include="SlowTower.h">
      <Filter>Header Files</Filter>
    </ClInclude>
    <ClInclude Include="SplashBullet.h">
      <Filter>Header Files</Filter>
    </ClInclude>
    <ClInclude Include="SplashLaser.h">
      <Filter>Header Files</Filter>
    </ClInclude>
    <ClInclude Include="SplashPoisonBullet.h">
      <Filter>Header Files</Filter>
    </ClInclude>
    <ClInclude Include="SplashTower.h">
      <Filter>Header Files</Filter>
    </ClInclude>
    <ClInclude Include="SteveJobs.h">
      <Filter>Header Files</Filter>
    </ClInclude>
    <ClInclude Include="Tower.h">
      <Filter>Header Files</Filter>
    </ClInclude>
    <ClInclude Include="TripleMajorSenior.h">
      <Filter>Header Files</Filter>
    </ClInclude>
    <ClInclude Include="TutorRobot.h">
      <Filter>Header Files</Filter>
    </ClInclude>
    <ClInclude Include="Upgrades.h">
      <Filter>Header Files</Filter>
    </ClInclude>
    <ClInclude Include="Wave_Generator.h">
      <Filter>Header Files</Filter>
    </ClInclude>
    <CustomBuild Include="attackableenemy.h">
      <Filter>Header Files</Filter>
    </CustomBuild>
    <ClInclude Include="button.h">
      <Filter>Header Files</Filter>
    </ClInclude>
    <CustomBuild Include="enemy.h">
      <Filter>Header Files</Filter>
    </CustomBuild>
    <CustomBuild Include="enemycontrol.h">
      <Filter>Header Files</Filter>
    </CustomBuild>
    <ClInclude Include="fusion_button.h">
      <Filter>Header Files</Filter>
    </ClInclude>
    <ClInclude Include="upgrade_button.h">
      <Filter>Header Files</Filter>
    </ClInclude>
  </ItemGroup>
  <ItemGroup>
    <None Include="Mechanical.bmp">
      <Filter>Resource Files</Filter>
    </None>
    <None Include="Pause_Button.png">
      <Filter>Resource Files</Filter>
    </None>
    <None Include="Start_Button.png">
      <Filter>Resource Files</Filter>
    </None>
    <None Include="fusion_button.png">
      <Filter>Resource Files</Filter>
    </None>
    <CustomBuild Include="sources.qrc">
      <Filter>Resource Files</Filter>
    </CustomBuild>
    <None Include="tooltip.png">
      <Filter>Resource Files</Filter>
    </None>
    <None Include="upgrade_button.png">
      <Filter>Resource Files</Filter>
    </None>
  </ItemGroup>
</Project>